
Microsoft Visual Studio Solution File, Format Version 12.00
# Visual Studio 15
VisualStudioVersion = 15.0.27004.2008
MinimumVisualStudioVersion = 10.0.40219.1
Project("{FAE04EC0-301F-11D3-BF4B-00C04F79EFBC}") = "LinqExample", "LinqExample.csproj", "{8FA07A13-3781-4FFB-AD2C-D4481501E2FD}"
EndProject
Global
	GlobalSection(SolutionConfigurationPlatforms) = preSolution
		Debug|Any CPU = Debug|Any CPU
		Release|Any CPU = Release|Any CPU
	EndGlobalSection
	GlobalSection(ProjectConfigurationPlatforms) = postSolution
		{8FA07A13-3781-4FFB-AD2C-D4481501E2FD}.Debug|Any CPU.ActiveCfg = Debug|Any CPU
		{8FA07A13-3781-4FFB-AD2C-D4481501E2FD}.Debug|Any CPU.Build.0 = Debug|Any CPU
		{8FA07A13-3781-4FFB-AD2C-D4481501E2FD}.Release|Any CPU.ActiveCfg = Release|Any CPU
		{8FA07A13-3781-4FFB-AD2C-D4481501E2FD}.Release|Any CPU.Build.0 = Release|Any CPU
	EndGlobalSection
	GlobalSection(SolutionProperties) = preSolution
		HideSolutionNode = FALSE
	EndGlobalSection
	GlobalSection(ExtensibilityGlobals) = postSolution
		SolutionGuid = {C6DA5A1D-B8FD-411C-97BC-9A34EDB49539}
	EndGlobalSection
EndGlobal
