
Microsoft Visual Studio Solution File, Format Version 11.00
# Visual Studio 2010
Project("{FAE04EC0-301F-11D3-BF4B-00C04F79EFBC}") = "NumberTerminalV2", "NumberTerminalV2.csproj", "{E20A7337-B81E-43F6-9281-3665A892485F}"
EndProject
Global
	GlobalSection(SolutionConfigurationPlatforms) = preSolution
		Debug|Any CPU = Debug|Any CPU
		Release|Any CPU = Release|Any CPU
	EndGlobalSection
	GlobalSection(ProjectConfigurationPlatforms) = postSolution
		{E20A7337-B81E-43F6-9281-3665A892485F}.Debug|Any CPU.ActiveCfg = Debug|Any CPU
		{E20A7337-B81E-43F6-9281-3665A892485F}.Debug|Any CPU.Build.0 = Debug|Any CPU
		{E20A7337-B81E-43F6-9281-3665A892485F}.Release|Any CPU.ActiveCfg = Release|Any CPU
		{E20A7337-B81E-43F6-9281-3665A892485F}.Release|Any CPU.Build.0 = Release|Any CPU
	EndGlobalSection
	GlobalSection(SolutionProperties) = preSolution
		HideSolutionNode = FALSE
	EndGlobalSection
EndGlobal
