
Microsoft Visual Studio Solution File, Format Version 12.00
# Visual Studio 15
VisualStudioVersion = 15.0.27130.2020
MinimumVisualStudioVersion = 10.0.40219.1
Project("{FAE04EC0-301F-11D3-BF4B-00C04F79EFBC}") = "LL_CS_Aufgabe", "LL_CS_Aufgabe.csproj", "{5B47ECCB-855A-4606-AEC0-858EB47A49D9}"
EndProject
Global
	GlobalSection(SolutionConfigurationPlatforms) = preSolution
		Debug|Any CPU = Debug|Any CPU
		Release|Any CPU = Release|Any CPU
	EndGlobalSection
	GlobalSection(ProjectConfigurationPlatforms) = postSolution
		{5B47ECCB-855A-4606-AEC0-858EB47A49D9}.Debug|Any CPU.ActiveCfg = Debug|Any CPU
		{5B47ECCB-855A-4606-AEC0-858EB47A49D9}.Debug|Any CPU.Build.0 = Debug|Any CPU
		{5B47ECCB-855A-4606-AEC0-858EB47A49D9}.Release|Any CPU.ActiveCfg = Release|Any CPU
		{5B47ECCB-855A-4606-AEC0-858EB47A49D9}.Release|Any CPU.Build.0 = Release|Any CPU
	EndGlobalSection
	GlobalSection(SolutionProperties) = preSolution
		HideSolutionNode = FALSE
	EndGlobalSection
	GlobalSection(ExtensibilityGlobals) = postSolution
		SolutionGuid = {81CF9C75-F5CF-467E-AA64-9E97123E28A6}
	EndGlobalSection
EndGlobal
