
Microsoft Visual Studio Solution File, Format Version 9.00
# Visual Studio 2005
Project("{FAE04EC0-301F-11D3-BF4B-00C04F79EFBC}") = "Prj", "Prj.csproj", "{39223D3C-946A-4BB9-8702-C2777A6F931C}"
EndProject
Global
	GlobalSection(SolutionConfigurationPlatforms) = preSolution
		Debug|Any CPU = Debug|Any CPU
		Release|Any CPU = Release|Any CPU
	EndGlobalSection
	GlobalSection(ProjectConfigurationPlatforms) = postSolution
		{39223D3C-946A-4BB9-8702-C2777A6F931C}.Debug|Any CPU.ActiveCfg = Debug|Any CPU
		{39223D3C-946A-4BB9-8702-C2777A6F931C}.Debug|Any CPU.Build.0 = Debug|Any CPU
		{39223D3C-946A-4BB9-8702-C2777A6F931C}.Release|Any CPU.ActiveCfg = Release|Any CPU
		{39223D3C-946A-4BB9-8702-C2777A6F931C}.Release|Any CPU.Build.0 = Release|Any CPU
	EndGlobalSection
	GlobalSection(SolutionProperties) = preSolution
		HideSolutionNode = FALSE
	EndGlobalSection
EndGlobal
