
Microsoft Visual Studio Solution File, Format Version 11.00
# Visual Studio 2010
Project("{FAE04EC0-301F-11D3-BF4B-00C04F79EFBC}") = "prj", "prj.csproj", "{7DC59275-6EA2-4B53-B90C-9CFBBF541213}"
EndProject
Global
	GlobalSection(SolutionConfigurationPlatforms) = preSolution
		Debug|Any CPU = Debug|Any CPU
		Release|Any CPU = Release|Any CPU
	EndGlobalSection
	GlobalSection(ProjectConfigurationPlatforms) = postSolution
		{7DC59275-6EA2-4B53-B90C-9CFBBF541213}.Debug|Any CPU.ActiveCfg = Debug|Any CPU
		{7DC59275-6EA2-4B53-B90C-9CFBBF541213}.Debug|Any CPU.Build.0 = Debug|Any CPU
		{7DC59275-6EA2-4B53-B90C-9CFBBF541213}.Release|Any CPU.ActiveCfg = Release|Any CPU
		{7DC59275-6EA2-4B53-B90C-9CFBBF541213}.Release|Any CPU.Build.0 = Release|Any CPU
	EndGlobalSection
	GlobalSection(SolutionProperties) = preSolution
		HideSolutionNode = FALSE
	EndGlobalSection
EndGlobal
